// !$*UTF8*$!
{
	archiveVersion = 1;
	classes = {
	};
	objectVersion = 46;
	objects = {

/* Begin PBXBuildFile section */
		0DDF483D1F8C9C0D085330E2 /* Pods_ExcusesGeneratorUITests.framework in Frameworks */ = {isa = PBXBuildFile; fileRef = 500D0BB73601286645ED9A45 /* Pods_ExcusesGeneratorUITests.framework */; };
		2F7285FCD1254953D943BCAC /* Pods_ExcusesGeneratorTests.framework in Frameworks */ = {isa = PBXBuildFile; fileRef = 052095B785D153216521568E /* Pods_ExcusesGeneratorTests.framework */; };
		96E87BB4D0C6B87A0151BE5D /* Pods_ExcusesGenerator.framework in Frameworks */ = {isa = PBXBuildFile; fileRef = EDF20C8B921FD6D8091E498B /* Pods_ExcusesGenerator.framework */; };
		9D2A489F1D6CB4A5002A6253 /* RealmSwift.framework in Frameworks */ = {isa = PBXBuildFile; fileRef = 9D2A489E1D6CB4A5002A6253 /* RealmSwift.framework */; };
		9D37242D1D6C808300977442 /* Alamofire.framework in Frameworks */ = {isa = PBXBuildFile; fileRef = 9D37242C1D6C808300977442 /* Alamofire.framework */; };
		9D37242E1D6C808300977442 /* Alamofire.framework in Embed Frameworks */ = {isa = PBXBuildFile; fileRef = 9D37242C1D6C808300977442 /* Alamofire.framework */; settings = {ATTRIBUTES = (CodeSignOnCopy, RemoveHeadersOnCopy, ); }; };
		9D815FC51D6C8224007FDE5B /* SwiftyJSON.framework in Frameworks */ = {isa = PBXBuildFile; fileRef = 9D815FC41D6C8224007FDE5B /* SwiftyJSON.framework */; };
		9D815FC61D6C8224007FDE5B /* SwiftyJSON.framework in Embed Frameworks */ = {isa = PBXBuildFile; fileRef = 9D815FC41D6C8224007FDE5B /* SwiftyJSON.framework */; settings = {ATTRIBUTES = (CodeSignOnCopy, RemoveHeadersOnCopy, ); }; };
		9DF142DF1D6CB99C0058891B /* UsingRealm.swift in Sources */ = {isa = PBXBuildFile; fileRef = 9DF142DE1D6CB99C0058891B /* UsingRealm.swift */; };
		9DF96EFB1D6C71D000911843 /* AppDelegate.swift in Sources */ = {isa = PBXBuildFile; fileRef = 9DF96EFA1D6C71D000911843 /* AppDelegate.swift */; };
		9DF96EFD1D6C71D000911843 /* ViewController.swift in Sources */ = {isa = PBXBuildFile; fileRef = 9DF96EFC1D6C71D000911843 /* ViewController.swift */; };
		9DF96F001D6C71D000911843 /* Main.storyboard in Resources */ = {isa = PBXBuildFile; fileRef = 9DF96EFE1D6C71D000911843 /* Main.storyboard */; };
		9DF96F021D6C71D000911843 /* Assets.xcassets in Resources */ = {isa = PBXBuildFile; fileRef = 9DF96F011D6C71D000911843 /* Assets.xcassets */; };
		9DF96F051D6C71D000911843 /* LaunchScreen.storyboard in Resources */ = {isa = PBXBuildFile; fileRef = 9DF96F031D6C71D000911843 /* LaunchScreen.storyboard */; };
		9DF96F101D6C71D100911843 /* ExcusesGeneratorTests.swift in Sources */ = {isa = PBXBuildFile; fileRef = 9DF96F0F1D6C71D100911843 /* ExcusesGeneratorTests.swift */; };
		9DF96F1B1D6C71D100911843 /* ExcusesGeneratorUITests.swift in Sources */ = {isa = PBXBuildFile; fileRef = 9DF96F1A1D6C71D100911843 /* ExcusesGeneratorUITests.swift */; };
		9DF96F291D6C72AC00911843 /* SecondViewController.swift in Sources */ = {isa = PBXBuildFile; fileRef = 9DF96F281D6C72AC00911843 /* SecondViewController.swift */; };
/* End PBXBuildFile section */

/* Begin PBXContainerItemProxy section */
		9DF96F0C1D6C71D100911843 /* PBXContainerItemProxy */ = {
			isa = PBXContainerItemProxy;
			containerPortal = 9DF96EEF1D6C71D000911843 /* Project object */;
			proxyType = 1;
			remoteGlobalIDString = 9DF96EF61D6C71D000911843;
			remoteInfo = ExcusesGenerator;
		};
		9DF96F171D6C71D100911843 /* PBXContainerItemProxy */ = {
			isa = PBXContainerItemProxy;
			containerPortal = 9DF96EEF1D6C71D000911843 /* Project object */;
			proxyType = 1;
			remoteGlobalIDString = 9DF96EF61D6C71D000911843;
			remoteInfo = ExcusesGenerator;
		};
/* End PBXContainerItemProxy section */

/* Begin PBXCopyFilesBuildPhase section */
		9D37242F1D6C808300977442 /* Embed Frameworks */ = {
			isa = PBXCopyFilesBuildPhase;
			buildActionMask = 2147483647;
			dstPath = "";
			dstSubfolderSpec = 10;
			files = (
				9D815FC61D6C8224007FDE5B /* SwiftyJSON.framework in Embed Frameworks */,
				9D37242E1D6C808300977442 /* Alamofire.framework in Embed Frameworks */,
			);
			name = "Embed Frameworks";
			runOnlyForDeploymentPostprocessing = 0;
		};
/* End PBXCopyFilesBuildPhase section */

/* Begin PBXFileReference section */
		052095B785D153216521568E /* Pods_ExcusesGeneratorTests.framework */ = {isa = PBXFileReference; explicitFileType = wrapper.framework; includeInIndex = 0; path = Pods_ExcusesGeneratorTests.framework; sourceTree = BUILT_PRODUCTS_DIR; };
		128940EBE9DE0C71F6894905 /* Pods-ExcusesGenerator.debug.xcconfig */ = {isa = PBXFileReference; includeInIndex = 1; lastKnownFileType = text.xcconfig; name = "Pods-ExcusesGenerator.debug.xcconfig"; path = "Pods/Target Support Files/Pods-ExcusesGenerator/Pods-ExcusesGenerator.debug.xcconfig"; sourceTree = "<group>"; };
		36B66B57991CEBE229C98F32 /* Pods-ExcusesGenerator.release.xcconfig */ = {isa = PBXFileReference; includeInIndex = 1; lastKnownFileType = text.xcconfig; name = "Pods-ExcusesGenerator.release.xcconfig"; path = "Pods/Target Support Files/Pods-ExcusesGenerator/Pods-ExcusesGenerator.release.xcconfig"; sourceTree = "<group>"; };
		42338808D996EEA71CA63EBE /* Pods-ExcusesGeneratorUITests.release.xcconfig */ = {isa = PBXFileReference; includeInIndex = 1; lastKnownFileType = text.xcconfig; name = "Pods-ExcusesGeneratorUITests.release.xcconfig"; path = "Pods/Target Support Files/Pods-ExcusesGeneratorUITests/Pods-ExcusesGeneratorUITests.release.xcconfig"; sourceTree = "<group>"; };
		45E76F0F6CED420B72D2255F /* Pods-ExcusesGeneratorUITests.debug.xcconfig */ = {isa = PBXFileReference; includeInIndex = 1; lastKnownFileType = text.xcconfig; name = "Pods-ExcusesGeneratorUITests.debug.xcconfig"; path = "Pods/Target Support Files/Pods-ExcusesGeneratorUITests/Pods-ExcusesGeneratorUITests.debug.xcconfig"; sourceTree = "<group>"; };
		500D0BB73601286645ED9A45 /* Pods_ExcusesGeneratorUITests.framework */ = {isa = PBXFileReference; explicitFileType = wrapper.framework; includeInIndex = 0; path = Pods_ExcusesGeneratorUITests.framework; sourceTree = BUILT_PRODUCTS_DIR; };
		8CF120174B64EB403D2A4DA1 /* Pods-ExcusesGeneratorTests.release.xcconfig */ = {isa = PBXFileReference; includeInIndex = 1; lastKnownFileType = text.xcconfig; name = "Pods-ExcusesGeneratorTests.release.xcconfig"; path = "Pods/Target Support Files/Pods-ExcusesGeneratorTests/Pods-ExcusesGeneratorTests.release.xcconfig"; sourceTree = "<group>"; };
		9D2A489E1D6CB4A5002A6253 /* RealmSwift.framework */ = {isa = PBXFileReference; lastKnownFileType = wrapper.framework; name = RealmSwift.framework; path = "Pods/../build/Debug-iphoneos/RealmSwift/RealmSwift.framework"; sourceTree = "<group>"; };
		9D37242C1D6C808300977442 /* Alamofire.framework */ = {isa = PBXFileReference; explicitFileType = wrapper.framework; name = Alamofire.framework; path = "/Users/bgoncal/Library/Developer/Xcode/DerivedData/ExcusesGenerator-fpgtkhdcypyqjufguhaempfsugrq/Build/Products/Debug-iphoneos/Alamofire/Alamofire.framework"; sourceTree = "<absolute>"; };
		9D815FC41D6C8224007FDE5B /* SwiftyJSON.framework */ = {isa = PBXFileReference; explicitFileType = wrapper.framework; name = SwiftyJSON.framework; path = "/Users/bgoncal/Library/Developer/Xcode/DerivedData/ExcusesGenerator-fpgtkhdcypyqjufguhaempfsugrq/Build/Products/Debug-iphoneos/SwiftyJSON/SwiftyJSON.framework"; sourceTree = "<absolute>"; };
		9DF142DE1D6CB99C0058891B /* UsingRealm.swift */ = {isa = PBXFileReference; fileEncoding = 4; lastKnownFileType = sourcecode.swift; path = UsingRealm.swift; sourceTree = "<group>"; };
		9DF96EF71D6C71D000911843 /* ExcusesGenerator.app */ = {isa = PBXFileReference; explicitFileType = wrapper.application; includeInIndex = 0; path = ExcusesGenerator.app; sourceTree = BUILT_PRODUCTS_DIR; };
		9DF96EFA1D6C71D000911843 /* AppDelegate.swift */ = {isa = PBXFileReference; lastKnownFileType = sourcecode.swift; path = AppDelegate.swift; sourceTree = "<group>"; };
		9DF96EFC1D6C71D000911843 /* ViewController.swift */ = {isa = PBXFileReference; lastKnownFileType = sourcecode.swift; path = ViewController.swift; sourceTree = "<group>"; };
		9DF96EFF1D6C71D000911843 /* Base */ = {isa = PBXFileReference; lastKnownFileType = file.storyboard; name = Base; path = Base.lproj/Main.storyboard; sourceTree = "<group>"; };
		9DF96F011D6C71D000911843 /* Assets.xcassets */ = {isa = PBXFileReference; lastKnownFileType = folder.assetcatalog; path = Assets.xcassets; sourceTree = "<group>"; };
		9DF96F041D6C71D000911843 /* Base */ = {isa = PBXFileReference; lastKnownFileType = file.storyboard; name = Base; path = Base.lproj/LaunchScreen.storyboard; sourceTree = "<group>"; };
		9DF96F061D6C71D000911843 /* Info.plist */ = {isa = PBXFileReference; lastKnownFileType = text.plist.xml; path = Info.plist; sourceTree = "<group>"; };
		9DF96F0B1D6C71D100911843 /* ExcusesGeneratorTests.xctest */ = {isa = PBXFileReference; explicitFileType = wrapper.cfbundle; includeInIndex = 0; path = ExcusesGeneratorTests.xctest; sourceTree = BUILT_PRODUCTS_DIR; };
		9DF96F0F1D6C71D100911843 /* ExcusesGeneratorTests.swift */ = {isa = PBXFileReference; lastKnownFileType = sourcecode.swift; path = ExcusesGeneratorTests.swift; sourceTree = "<group>"; };
		9DF96F111D6C71D100911843 /* Info.plist */ = {isa = PBXFileReference; lastKnownFileType = text.plist.xml; path = Info.plist; sourceTree = "<group>"; };
		9DF96F161D6C71D100911843 /* ExcusesGeneratorUITests.xctest */ = {isa = PBXFileReference; explicitFileType = wrapper.cfbundle; includeInIndex = 0; path = ExcusesGeneratorUITests.xctest; sourceTree = BUILT_PRODUCTS_DIR; };
		9DF96F1A1D6C71D100911843 /* ExcusesGeneratorUITests.swift */ = {isa = PBXFileReference; lastKnownFileType = sourcecode.swift; path = ExcusesGeneratorUITests.swift; sourceTree = "<group>"; };
		9DF96F1C1D6C71D100911843 /* Info.plist */ = {isa = PBXFileReference; lastKnownFileType = text.plist.xml; path = Info.plist; sourceTree = "<group>"; };
		9DF96F281D6C72AC00911843 /* SecondViewController.swift */ = {isa = PBXFileReference; fileEncoding = 4; lastKnownFileType = sourcecode.swift; path = SecondViewController.swift; sourceTree = "<group>"; };
		B394D20D4297744C0A15D934 /* Pods-ExcusesGeneratorTests.debug.xcconfig */ = {isa = PBXFileReference; includeInIndex = 1; lastKnownFileType = text.xcconfig; name = "Pods-ExcusesGeneratorTests.debug.xcconfig"; path = "Pods/Target Support Files/Pods-ExcusesGeneratorTests/Pods-ExcusesGeneratorTests.debug.xcconfig"; sourceTree = "<group>"; };
		EDF20C8B921FD6D8091E498B /* Pods_ExcusesGenerator.framework */ = {isa = PBXFileReference; explicitFileType = wrapper.framework; includeInIndex = 0; path = Pods_ExcusesGenerator.framework; sourceTree = BUILT_PRODUCTS_DIR; };
/* End PBXFileReference section */

/* Begin PBXFrameworksBuildPhase section */
		9DF96EF41D6C71D000911843 /* Frameworks */ = {
			isa = PBXFrameworksBuildPhase;
			buildActionMask = 2147483647;
			files = (
				9D2A489F1D6CB4A5002A6253 /* RealmSwift.framework in Frameworks */,
				96E87BB4D0C6B87A0151BE5D /* Pods_ExcusesGenerator.framework in Frameworks */,
				9D37242D1D6C808300977442 /* Alamofire.framework in Frameworks */,
				9D815FC51D6C8224007FDE5B /* SwiftyJSON.framework in Frameworks */,
			);
			runOnlyForDeploymentPostprocessing = 0;
		};
		9DF96F081D6C71D100911843 /* Frameworks */ = {
			isa = PBXFrameworksBuildPhase;
			buildActionMask = 2147483647;
			files = (
				2F7285FCD1254953D943BCAC /* Pods_ExcusesGeneratorTests.framework in Frameworks */,
			);
			runOnlyForDeploymentPostprocessing = 0;
		};
		9DF96F131D6C71D100911843 /* Frameworks */ = {
			isa = PBXFrameworksBuildPhase;
			buildActionMask = 2147483647;
			files = (
				0DDF483D1F8C9C0D085330E2 /* Pods_ExcusesGeneratorUITests.framework in Frameworks */,
			);
			runOnlyForDeploymentPostprocessing = 0;
		};
/* End PBXFrameworksBuildPhase section */

/* Begin PBXGroup section */
		44EF0A10C571C7062ADCBB29 /* Frameworks */ = {
			isa = PBXGroup;
			children = (
				9D2A489E1D6CB4A5002A6253 /* RealmSwift.framework */,
				EDF20C8B921FD6D8091E498B /* Pods_ExcusesGenerator.framework */,
				052095B785D153216521568E /* Pods_ExcusesGeneratorTests.framework */,
				500D0BB73601286645ED9A45 /* Pods_ExcusesGeneratorUITests.framework */,
			);
			name = Frameworks;
			sourceTree = "<group>";
		};
		9DF96EEE1D6C71D000911843 = {
			isa = PBXGroup;
			children = (
				9D815FC41D6C8224007FDE5B /* SwiftyJSON.framework */,
				9D37242C1D6C808300977442 /* Alamofire.framework */,
				9DF96EF91D6C71D000911843 /* ExcusesGenerator */,
				9DF96F0E1D6C71D100911843 /* ExcusesGeneratorTests */,
				9DF96F191D6C71D100911843 /* ExcusesGeneratorUITests */,
				9DF96EF81D6C71D000911843 /* Products */,
				B5EFD9024C3DA1F419371019 /* Pods */,
				44EF0A10C571C7062ADCBB29 /* Frameworks */,
			);
			sourceTree = "<group>";
		};
		9DF96EF81D6C71D000911843 /* Products */ = {
			isa = PBXGroup;
			children = (
				9DF96EF71D6C71D000911843 /* ExcusesGenerator.app */,
				9DF96F0B1D6C71D100911843 /* ExcusesGeneratorTests.xctest */,
				9DF96F161D6C71D100911843 /* ExcusesGeneratorUITests.xctest */,
			);
			name = Products;
			sourceTree = "<group>";
		};
		9DF96EF91D6C71D000911843 /* ExcusesGenerator */ = {
			isa = PBXGroup;
			children = (
				9DF96EFA1D6C71D000911843 /* AppDelegate.swift */,
				9DF96EFC1D6C71D000911843 /* ViewController.swift */,
				9DF96F281D6C72AC00911843 /* SecondViewController.swift */,
				9DF96EFE1D6C71D000911843 /* Main.storyboard */,
				9DF96F011D6C71D000911843 /* Assets.xcassets */,
				9DF96F031D6C71D000911843 /* LaunchScreen.storyboard */,
				9DF96F061D6C71D000911843 /* Info.plist */,
				9DF142DE1D6CB99C0058891B /* UsingRealm.swift */,
			);
			path = ExcusesGenerator;
			sourceTree = "<group>";
		};
		9DF96F0E1D6C71D100911843 /* ExcusesGeneratorTests */ = {
			isa = PBXGroup;
			children = (
				9DF96F0F1D6C71D100911843 /* ExcusesGeneratorTests.swift */,
				9DF96F111D6C71D100911843 /* Info.plist */,
			);
			path = ExcusesGeneratorTests;
			sourceTree = "<group>";
		};
		9DF96F191D6C71D100911843 /* ExcusesGeneratorUITests */ = {
			isa = PBXGroup;
			children = (
				9DF96F1A1D6C71D100911843 /* ExcusesGeneratorUITests.swift */,
				9DF96F1C1D6C71D100911843 /* Info.plist */,
			);
			path = ExcusesGeneratorUITests;
			sourceTree = "<group>";
		};
		B5EFD9024C3DA1F419371019 /* Pods */ = {
			isa = PBXGroup;
			children = (
				128940EBE9DE0C71F6894905 /* Pods-ExcusesGenerator.debug.xcconfig */,
				36B66B57991CEBE229C98F32 /* Pods-ExcusesGenerator.release.xcconfig */,
				B394D20D4297744C0A15D934 /* Pods-ExcusesGeneratorTests.debug.xcconfig */,
				8CF120174B64EB403D2A4DA1 /* Pods-ExcusesGeneratorTests.release.xcconfig */,
				45E76F0F6CED420B72D2255F /* Pods-ExcusesGeneratorUITests.debug.xcconfig */,
				42338808D996EEA71CA63EBE /* Pods-ExcusesGeneratorUITests.release.xcconfig */,
			);
			name = Pods;
			sourceTree = "<group>";
		};
/* End PBXGroup section */

/* Begin PBXNativeTarget section */
		9DF96EF61D6C71D000911843 /* ExcusesGenerator */ = {
			isa = PBXNativeTarget;
			buildConfigurationList = 9DF96F1F1D6C71D100911843 /* Build configuration list for PBXNativeTarget "ExcusesGenerator" */;
			buildPhases = (
				B058147D0B97E8AFB4797926 /* [CP] Check Pods Manifest.lock */,
				9DF96EF31D6C71D000911843 /* Sources */,
				9DF96EF41D6C71D000911843 /* Frameworks */,
				9DF96EF51D6C71D000911843 /* Resources */,
				66A2949CFB3B92712E7EB8B9 /* [CP] Embed Pods Frameworks */,
				E343E86313A3C7DF8EFFB320 /* [CP] Copy Pods Resources */,
				9D37242F1D6C808300977442 /* Embed Frameworks */,
			);
			buildRules = (
			);
			dependencies = (
			);
			name = ExcusesGenerator;
			productName = ExcusesGenerator;
			productReference = 9DF96EF71D6C71D000911843 /* ExcusesGenerator.app */;
			productType = "com.apple.product-type.application";
		};
		9DF96F0A1D6C71D100911843 /* ExcusesGeneratorTests */ = {
			isa = PBXNativeTarget;
			buildConfigurationList = 9DF96F221D6C71D100911843 /* Build configuration list for PBXNativeTarget "ExcusesGeneratorTests" */;
			buildPhases = (
				128F060CA3F287EB68EDA56D /* [CP] Check Pods Manifest.lock */,
				9DF96F071D6C71D100911843 /* Sources */,
				9DF96F081D6C71D100911843 /* Frameworks */,
				9DF96F091D6C71D100911843 /* Resources */,
				D82AA366D2535DBA3DEC89D4 /* [CP] Embed Pods Frameworks */,
				309641D7D141D310DCC34B75 /* [CP] Copy Pods Resources */,
			);
			buildRules = (
			);
			dependencies = (
				9DF96F0D1D6C71D100911843 /* PBXTargetDependency */,
			);
			name = ExcusesGeneratorTests;
			productName = ExcusesGeneratorTests;
			productReference = 9DF96F0B1D6C71D100911843 /* ExcusesGeneratorTests.xctest */;
			productType = "com.apple.product-type.bundle.unit-test";
		};
		9DF96F151D6C71D100911843 /* ExcusesGeneratorUITests */ = {
			isa = PBXNativeTarget;
			buildConfigurationList = 9DF96F251D6C71D100911843 /* Build configuration list for PBXNativeTarget "ExcusesGeneratorUITests" */;
			buildPhases = (
				1C218610C66097217EF2182C /* [CP] Check Pods Manifest.lock */,
				9DF96F121D6C71D100911843 /* Sources */,
				9DF96F131D6C71D100911843 /* Frameworks */,
				9DF96F141D6C71D100911843 /* Resources */,
				4A525DDC5D2BB02D200883EF /* [CP] Copy Pods Resources */,
			);
			buildRules = (
			);
			dependencies = (
				9DF96F181D6C71D100911843 /* PBXTargetDependency */,
			);
			name = ExcusesGeneratorUITests;
			productName = ExcusesGeneratorUITests;
			productReference = 9DF96F161D6C71D100911843 /* ExcusesGeneratorUITests.xctest */;
			productType = "com.apple.product-type.bundle.ui-testing";
		};
/* End PBXNativeTarget section */

/* Begin PBXProject section */
		9DF96EEF1D6C71D000911843 /* Project object */ = {
			isa = PBXProject;
			attributes = {
				LastSwiftUpdateCheck = 0730;
				LastUpgradeCheck = 0730;
				ORGANIZATIONNAME = "Bruno Pantaleão";
				TargetAttributes = {
					9DF96EF61D6C71D000911843 = {
						CreatedOnToolsVersion = 7.3.1;
						DevelopmentTeam = 994YWGHH7T;
					};
					9DF96F0A1D6C71D100911843 = {
						CreatedOnToolsVersion = 7.3.1;
						TestTargetID = 9DF96EF61D6C71D000911843;
					};
					9DF96F151D6C71D100911843 = {
						CreatedOnToolsVersion = 7.3.1;
						TestTargetID = 9DF96EF61D6C71D000911843;
					};
				};
			};
			buildConfigurationList = 9DF96EF21D6C71D000911843 /* Build configuration list for PBXProject "ExcusesGenerator" */;
			compatibilityVersion = "Xcode 3.2";
			developmentRegion = English;
			hasScannedForEncodings = 0;
			knownRegions = (
				en,
				Base,
			);
			mainGroup = 9DF96EEE1D6C71D000911843;
			productRefGroup = 9DF96EF81D6C71D000911843 /* Products */;
			projectDirPath = "";
			projectRoot = "";
			targets = (
				9DF96EF61D6C71D000911843 /* ExcusesGenerator */,
				9DF96F0A1D6C71D100911843 /* ExcusesGeneratorTests */,
				9DF96F151D6C71D100911843 /* ExcusesGeneratorUITests */,
			);
		};
/* End PBXProject section */

/* Begin PBXResourcesBuildPhase section */
		9DF96EF51D6C71D000911843 /* Resources */ = {
			isa = PBXResourcesBuildPhase;
			buildActionMask = 2147483647;
			files = (
				9DF96F051D6C71D000911843 /* LaunchScreen.storyboard in Resources */,
				9DF96F021D6C71D000911843 /* Assets.xcassets in Resources */,
				9DF96F001D6C71D000911843 /* Main.storyboard in Resources */,
			);
			runOnlyForDeploymentPostprocessing = 0;
		};
		9DF96F091D6C71D100911843 /* Resources */ = {
			isa = PBXResourcesBuildPhase;
			buildActionMask = 2147483647;
			files = (
			);
			runOnlyForDeploymentPostprocessing = 0;
		};
		9DF96F141D6C71D100911843 /* Resources */ = {
			isa = PBXResourcesBuildPhase;
			buildActionMask = 2147483647;
			files = (
			);
			runOnlyForDeploymentPostprocessing = 0;
		};
/* End PBXResourcesBuildPhase section */

/* Begin PBXShellScriptBuildPhase section */
		128F060CA3F287EB68EDA56D /* [CP] Check Pods Manifest.lock */ = {
			isa = PBXShellScriptBuildPhase;
			buildActionMask = 2147483647;
			files = (
			);
			inputPaths = (
			);
			name = "[CP] Check Pods Manifest.lock";
			outputPaths = (
			);
			runOnlyForDeploymentPostprocessing = 0;
			shellPath = /bin/sh;
			shellScript = "diff \"${PODS_ROOT}/../Podfile.lock\" \"${PODS_ROOT}/Manifest.lock\" > /dev/null\nif [[ $? != 0 ]] ; then\n    cat << EOM\nerror: The sandbox is not in sync with the Podfile.lock. Run 'pod install' or update your CocoaPods installation.\nEOM\n    exit 1\nfi\n";
			showEnvVarsInLog = 0;
		};
		1C218610C66097217EF2182C /* [CP] Check Pods Manifest.lock */ = {
			isa = PBXShellScriptBuildPhase;
			buildActionMask = 2147483647;
			files = (
			);
			inputPaths = (
			);
			name = "[CP] Check Pods Manifest.lock";
			outputPaths = (
			);
			runOnlyForDeploymentPostprocessing = 0;
			shellPath = /bin/sh;
			shellScript = "diff \"${PODS_ROOT}/../Podfile.lock\" \"${PODS_ROOT}/Manifest.lock\" > /dev/null\nif [[ $? != 0 ]] ; then\n    cat << EOM\nerror: The sandbox is not in sync with the Podfile.lock. Run 'pod install' or update your CocoaPods installation.\nEOM\n    exit 1\nfi\n";
			showEnvVarsInLog = 0;
		};
		309641D7D141D310DCC34B75 /* [CP] Copy Pods Resources */ = {
			isa = PBXShellScriptBuildPhase;
			buildActionMask = 2147483647;
			files = (
			);
			inputPaths = (
			);
			name = "[CP] Copy Pods Resources";
			outputPaths = (
			);
			runOnlyForDeploymentPostprocessing = 0;
			shellPath = /bin/sh;
			shellScript = "\"${SRCROOT}/Pods/Target Support Files/Pods-ExcusesGeneratorTests/Pods-ExcusesGeneratorTests-resources.sh\"\n";
			showEnvVarsInLog = 0;
		};
		4A525DDC5D2BB02D200883EF /* [CP] Copy Pods Resources */ = {
			isa = PBXShellScriptBuildPhase;
			buildActionMask = 2147483647;
			files = (
			);
			inputPaths = (
			);
			name = "[CP] Copy Pods Resources";
			outputPaths = (
			);
			runOnlyForDeploymentPostprocessing = 0;
			shellPath = /bin/sh;
			shellScript = "\"${SRCROOT}/Pods/Target Support Files/Pods-ExcusesGeneratorUITests/Pods-ExcusesGeneratorUITests-resources.sh\"\n";
			showEnvVarsInLog = 0;
		};
		66A2949CFB3B92712E7EB8B9 /* [CP] Embed Pods Frameworks */ = {
			isa = PBXShellScriptBuildPhase;
			buildActionMask = 2147483647;
			files = (
			);
			inputPaths = (
			);
			name = "[CP] Embed Pods Frameworks";
			outputPaths = (
			);
			runOnlyForDeploymentPostprocessing = 0;
			shellPath = /bin/sh;
			shellScript = "\"${SRCROOT}/Pods/Target Support Files/Pods-ExcusesGenerator/Pods-ExcusesGenerator-frameworks.sh\"\n";
			showEnvVarsInLog = 0;
		};
		B058147D0B97E8AFB4797926 /* [CP] Check Pods Manifest.lock */ = {
			isa = PBXShellScriptBuildPhase;
			buildActionMask = 2147483647;
			files = (
			);
			inputPaths = (
			);
			name = "[CP] Check Pods Manifest.lock";
			outputPaths = (
			);
			runOnlyForDeploymentPostprocessing = 0;
			shellPath = /bin/sh;
			shellScript = "diff \"${PODS_ROOT}/../Podfile.lock\" \"${PODS_ROOT}/Manifest.lock\" > /dev/null\nif [[ $? != 0 ]] ; then\n    cat << EOM\nerror: The sandbox is not in sync with the Podfile.lock. Run 'pod install' or update your CocoaPods installation.\nEOM\n    exit 1\nfi\n";
			showEnvVarsInLog = 0;
		};
		D82AA366D2535DBA3DEC89D4 /* [CP] Embed Pods Frameworks */ = {
			isa = PBXShellScriptBuildPhase;
			buildActionMask = 2147483647;
			files = (
			);
			inputPaths = (
			);
			name = "[CP] Embed Pods Frameworks";
			outputPaths = (
			);
			runOnlyForDeploymentPostprocessing = 0;
			shellPath = /bin/sh;
			shellScript = "\"${SRCROOT}/Pods/Target Support Files/Pods-ExcusesGeneratorTests/Pods-ExcusesGeneratorTests-frameworks.sh\"\n";
			showEnvVarsInLog = 0;
		};
		E343E86313A3C7DF8EFFB320 /* [CP] Copy Pods Resources */ = {
			isa = PBXShellScriptBuildPhase;
			buildActionMask = 2147483647;
			files = (
			);
			inputPaths = (
			);
			name = "[CP] Copy Pods Resources";
			outputPaths = (
			);
			runOnlyForDeploymentPostprocessing = 0;
			shellPath = /bin/sh;
			shellScript = "\"${SRCROOT}/Pods/Target Support Files/Pods-ExcusesGenerator/Pods-ExcusesGenerator-resources.sh\"\n";
			showEnvVarsInLog = 0;
		};
/* End PBXShellScriptBuildPhase section */

/* Begin PBXSourcesBuildPhase section */
		9DF96EF31D6C71D000911843 /* Sources */ = {
			isa = PBXSourcesBuildPhase;
			buildActionMask = 2147483647;
			files = (
				9DF96F291D6C72AC00911843 /* SecondViewController.swift in Sources */,
				9DF96EFD1D6C71D000911843 /* ViewController.swift in Sources */,
				9DF142DF1D6CB99C0058891B /* UsingRealm.swift in Sources */,
				9DF96EFB1D6C71D000911843 /* AppDelegate.swift in Sources */,
			);
			runOnlyForDeploymentPostprocessing = 0;
		};
		9DF96F071D6C71D100911843 /* Sources */ = {
			isa = PBXSourcesBuildPhase;
			buildActionMask = 2147483647;
			files = (
				9DF96F101D6C71D100911843 /* ExcusesGeneratorTests.swift in Sources */,
			);
			runOnlyForDeploymentPostprocessing = 0;
		};
		9DF96F121D6C71D100911843 /* Sources */ = {
			isa = PBXSourcesBuildPhase;
			buildActionMask = 2147483647;
			files = (
				9DF96F1B1D6C71D100911843 /* ExcusesGeneratorUITests.swift in Sources */,
			);
			runOnlyForDeploymentPostprocessing = 0;
		};
/* End PBXSourcesBuildPhase section */

/* Begin PBXTargetDependency section */
		9DF96F0D1D6C71D100911843 /* PBXTargetDependency */ = {
			isa = PBXTargetDependency;
			target = 9DF96EF61D6C71D000911843 /* ExcusesGenerator */;
			targetProxy = 9DF96F0C1D6C71D100911843 /* PBXContainerItemProxy */;
		};
		9DF96F181D6C71D100911843 /* PBXTargetDependency */ = {
			isa = PBXTargetDependency;
			target = 9DF96EF61D6C71D000911843 /* ExcusesGenerator */;
			targetProxy = 9DF96F171D6C71D100911843 /* PBXContainerItemProxy */;
		};
/* End PBXTargetDependency section */

/* Begin PBXVariantGroup section */
		9DF96EFE1D6C71D000911843 /* Main.storyboard */ = {
			isa = PBXVariantGroup;
			children = (
				9DF96EFF1D6C71D000911843 /* Base */,
			);
			name = Main.storyboard;
			sourceTree = "<group>";
		};
		9DF96F031D6C71D000911843 /* LaunchScreen.storyboard */ = {
			isa = PBXVariantGroup;
			children = (
				9DF96F041D6C71D000911843 /* Base */,
			);
			name = LaunchScreen.storyboard;
			sourceTree = "<group>";
		};
/* End PBXVariantGroup section */

/* Begin XCBuildConfiguration section */
		9DF96F1D1D6C71D100911843 /* Debug */ = {
			isa = XCBuildConfiguration;
			buildSettings = {
				ALWAYS_SEARCH_USER_PATHS = NO;
				CLANG_ANALYZER_NONNULL = YES;
				CLANG_CXX_LANGUAGE_STANDARD = "gnu++0x";
				CLANG_CXX_LIBRARY = "libc++";
				CLANG_ENABLE_MODULES = YES;
				CLANG_ENABLE_OBJC_ARC = YES;
				CLANG_WARN_BOOL_CONVERSION = YES;
				CLANG_WARN_CONSTANT_CONVERSION = YES;
				CLANG_WARN_DIRECT_OBJC_ISA_USAGE = YES_ERROR;
				CLANG_WARN_EMPTY_BODY = YES;
				CLANG_WARN_ENUM_CONVERSION = YES;
				CLANG_WARN_INT_CONVERSION = YES;
				CLANG_WARN_OBJC_ROOT_CLASS = YES_ERROR;
				CLANG_WARN_UNREACHABLE_CODE = YES;
				CLANG_WARN__DUPLICATE_METHOD_MATCH = YES;
				"CODE_SIGN_IDENTITY[sdk=iphoneos*]" = "iPhone Developer";
				COPY_PHASE_STRIP = NO;
				DEBUG_INFORMATION_FORMAT = dwarf;
				ENABLE_STRICT_OBJC_MSGSEND = YES;
				ENABLE_TESTABILITY = YES;
				GCC_C_LANGUAGE_STANDARD = gnu99;
				GCC_DYNAMIC_NO_PIC = NO;
				GCC_NO_COMMON_BLOCKS = YES;
				GCC_OPTIMIZATION_LEVEL = 0;
				GCC_PREPROCESSOR_DEFINITIONS = (
					"DEBUG=1",
					"$(inherited)",
				);
				GCC_WARN_64_TO_32_BIT_CONVERSION = YES;
				GCC_WARN_ABOUT_RETURN_TYPE = YES_ERROR;
				GCC_WARN_UNDECLARED_SELECTOR = YES;
				GCC_WARN_UNINITIALIZED_AUTOS = YES_AGGRESSIVE;
				GCC_WARN_UNUSED_FUNCTION = YES;
				GCC_WARN_UNUSED_VARIABLE = YES;
				IPHONEOS_DEPLOYMENT_TARGET = 9.3;
				MTL_ENABLE_DEBUG_INFO = YES;
				ONLY_ACTIVE_ARCH = YES;
				SDKROOT = iphoneos;
				SWIFT_OPTIMIZATION_LEVEL = "-Onone";
			};
			name = Debug;
		};
		9DF96F1E1D6C71D100911843 /* Release */ = {
			isa = XCBuildConfiguration;
			buildSettings = {
				ALWAYS_SEARCH_USER_PATHS = NO;
				CLANG_ANALYZER_NONNULL = YES;
				CLANG_CXX_LANGUAGE_STANDARD = "gnu++0x";
				CLANG_CXX_LIBRARY = "libc++";
				CLANG_ENABLE_MODULES = YES;
				CLANG_ENABLE_OBJC_ARC = YES;
				CLANG_WARN_BOOL_CONVERSION = YES;
				CLANG_WARN_CONSTANT_CONVERSION = YES;
				CLANG_WARN_DIRECT_OBJC_ISA_USAGE = YES_ERROR;
				CLANG_WARN_EMPTY_BODY = YES;
				CLANG_WARN_ENUM_CONVERSION = YES;
				CLANG_WARN_INT_CONVERSION = YES;
				CLANG_WARN_OBJC_ROOT_CLASS = YES_ERROR;
				CLANG_WARN_UNREACHABLE_CODE = YES;
				CLANG_WARN__DUPLICATE_METHOD_MATCH = YES;
				"CODE_SIGN_IDENTITY[sdk=iphoneos*]" = "iPhone Developer";
				COPY_PHASE_STRIP = NO;
				DEBUG_INFORMATION_FORMAT = "dwarf-with-dsym";
				ENABLE_NS_ASSERTIONS = NO;
				ENABLE_STRICT_OBJC_MSGSEND = YES;
				GCC_C_LANGUAGE_STANDARD = gnu99;
				GCC_NO_COMMON_BLOCKS = YES;
				GCC_WARN_64_TO_32_BIT_CONVERSION = YES;
				GCC_WARN_ABOUT_RETURN_TYPE = YES_ERROR;
				GCC_WARN_UNDECLARED_SELECTOR = YES;
				GCC_WARN_UNINITIALIZED_AUTOS = YES_AGGRESSIVE;
				GCC_WARN_UNUSED_FUNCTION = YES;
				GCC_WARN_UNUSED_VARIABLE = YES;
				IPHONEOS_DEPLOYMENT_TARGET = 9.3;
				MTL_ENABLE_DEBUG_INFO = NO;
				SDKROOT = iphoneos;
				VALIDATE_PRODUCT = YES;
			};
			name = Release;
		};
		9DF96F201D6C71D100911843 /* Debug */ = {
			isa = XCBuildConfiguration;
			baseConfigurationReference = 128940EBE9DE0C71F6894905 /* Pods-ExcusesGenerator.debug.xcconfig */;
			buildSettings = {
				ASSETCATALOG_COMPILER_APPICON_NAME = AppIcon;
				CODE_SIGN_IDENTITY = "iPhone Developer";
				"CODE_SIGN_IDENTITY[sdk=iphoneos*]" = "iPhone Developer";
				FRAMEWORK_SEARCH_PATHS = (
					"$(inherited)",
					"$(PROJECT_DIR)/build/Debug-iphoneos/RealmSwift",
				);
				INFOPLIST_FILE = ExcusesGenerator/Info.plist;
				LD_RUNPATH_SEARCH_PATHS = "$(inherited) @executable_path/Frameworks";
				PRODUCT_BUNDLE_IDENTIFIER = com.panta.ExcusesGenerator;
				PRODUCT_NAME = "$(TARGET_NAME)";
				PROVISIONING_PROFILE = "";
			};
			name = Debug;
		};
		9DF96F211D6C71D100911843 /* Release */ = {
			isa = XCBuildConfiguration;
			baseConfigurationReference = 36B66B57991CEBE229C98F32 /* Pods-ExcusesGenerator.release.xcconfig */;
			buildSettings = {
				ASSETCATALOG_COMPILER_APPICON_NAME = AppIcon;
				CODE_SIGN_IDENTITY = "iPhone Developer";
				"CODE_SIGN_IDENTITY[sdk=iphoneos*]" = "iPhone Developer";
				FRAMEWORK_SEARCH_PATHS = (
					"$(inherited)",
					"$(PROJECT_DIR)/build/Debug-iphoneos/RealmSwift",
				);
				INFOPLIST_FILE = ExcusesGenerator/Info.plist;
				LD_RUNPATH_SEARCH_PATHS = "$(inherited) @executable_path/Frameworks";
				PRODUCT_BUNDLE_IDENTIFIER = com.panta.ExcusesGenerator;
				PRODUCT_NAME = "$(TARGET_NAME)";
				PROVISIONING_PROFILE = "";
			};
			name = Release;
		};
		9DF96F231D6C71D100911843 /* Debug */ = {
			isa = XCBuildConfiguration;
			baseConfigurationReference = B394D20D4297744C0A15D934 /* Pods-ExcusesGeneratorTests.debug.xcconfig */;
			buildSettings = {
				BUNDLE_LOADER = "$(TEST_HOST)";
				INFOPLIST_FILE = ExcusesGeneratorTests/Info.plist;
				LD_RUNPATH_SEARCH_PATHS = "$(inherited) @executable_path/Frameworks @loader_path/Frameworks";
				PRODUCT_BUNDLE_IDENTIFIER = com.panta.ExcusesGeneratorTests;
				PRODUCT_NAME = "$(TARGET_NAME)";
				TEST_HOST = "$(BUILT_PRODUCTS_DIR)/ExcusesGenerator.app/ExcusesGenerator";
			};
			name = Debug;
		};
		9DF96F241D6C71D100911843 /* Release */ = {
			isa = XCBuildConfiguration;
			baseConfigurationReference = 8CF120174B64EB403D2A4DA1 /* Pods-ExcusesGeneratorTests.release.xcconfig */;
			buildSettings = {
				BUNDLE_LOADER = "$(TEST_HOST)";
				INFOPLIST_FILE = ExcusesGeneratorTests/Info.plist;
				LD_RUNPATH_SEARCH_PATHS = "$(inherited) @executable_path/Frameworks @loader_path/Frameworks";
				PRODUCT_BUNDLE_IDENTIFIER = com.panta.ExcusesGeneratorTests;
				PRODUCT_NAME = "$(TARGET_NAME)";
				TEST_HOST = "$(BUILT_PRODUCTS_DIR)/ExcusesGenerator.app/ExcusesGenerator";
			};
			name = Release;
		};
		9DF96F261D6C71D100911843 /* Debug */ = {
			isa = XCBuildConfiguration;
			baseConfigurationReference = 45E76F0F6CED420B72D2255F /* Pods-ExcusesGeneratorUITests.debug.xcconfig */;
			buildSettings = {
				INFOPLIST_FILE = ExcusesGeneratorUITests/Info.plist;
				LD_RUNPATH_SEARCH_PATHS = "$(inherited) @executable_path/Frameworks @loader_path/Frameworks";
				PRODUCT_BUNDLE_IDENTIFIER = com.panta.ExcusesGeneratorUITests;
				PRODUCT_NAME = "$(TARGET_NAME)";
				TEST_TARGET_NAME = ExcusesGenerator;
			};
			name = Debug;
		};
		9DF96F271D6C71D100911843 /* Release */ = {
			isa = XCBuildConfiguration;
			baseConfigurationReference = 42338808D996EEA71CA63EBE /* Pods-ExcusesGeneratorUITests.release.xcconfig */;
			buildSettings = {
				INFOPLIST_FILE = ExcusesGeneratorUITests/Info.plist;
				LD_RUNPATH_SEARCH_PATHS = "$(inherited) @executable_path/Frameworks @loader_path/Frameworks";
				PRODUCT_BUNDLE_IDENTIFIER = com.panta.ExcusesGeneratorUITests;
				PRODUCT_NAME = "$(TARGET_NAME)";
				TEST_TARGET_NAME = ExcusesGenerator;
			};
			name = Release;
		};
/* End XCBuildConfiguration section */

/* Begin XCConfigurationList section */
		9DF96EF21D6C71D000911843 /* Build configuration list for PBXProject "ExcusesGenerator" */ = {
			isa = XCConfigurationList;
			buildConfigurations = (
				9DF96F1D1D6C71D100911843 /* Debug */,
				9DF96F1E1D6C71D100911843 /* Release */,
			);
			defaultConfigurationIsVisible = 0;
			defaultConfigurationName = Release;
		};
		9DF96F1F1D6C71D100911843 /* Build configuration list for PBXNativeTarget "ExcusesGenerator" */ = {
			isa = XCConfigurationList;
			buildConfigurations = (
				9DF96F201D6C71D100911843 /* Debug */,
				9DF96F211D6C71D100911843 /* Release */,
			);
			defaultConfigurationIsVisible = 0;
			defaultConfigurationName = Release;
		};
		9DF96F221D6C71D100911843 /* Build configuration list for PBXNativeTarget "ExcusesGeneratorTests" */ = {
			isa = XCConfigurationList;
			buildConfigurations = (
				9DF96F231D6C71D100911843 /* Debug */,
				9DF96F241D6C71D100911843 /* Release */,
			);
			defaultConfigurationIsVisible = 0;
			defaultConfigurationName = Release;
		};
		9DF96F251D6C71D100911843 /* Build configuration list for PBXNativeTarget "ExcusesGeneratorUITests" */ = {
			isa = XCConfigurationList;
			buildConfigurations = (
				9DF96F261D6C71D100911843 /* Debug */,
				9DF96F271D6C71D100911843 /* Release */,
			);
			defaultConfigurationIsVisible = 0;
			defaultConfigurationName = Release;
		};
/* End XCConfigurationList section */
	};
	rootObject = 9DF96EEF1D6C71D000911843 /* Project object */;
}
